// !$*UTF8*$!
{
	archiveVersion = 1;
	classes = {
	};
	objectVersion = 50;
	objects = {

/* Begin PBXBuildFile section */
		C43F8140267295150035A99B /* ArrowChallengeApp.swift in Sources */ = {isa = PBXBuildFile; fileRef = C43F813F267295150035A99B /* ArrowChallengeApp.swift */; };
		C43F8142267295150035A99B /* ContentView.swift in Sources */ = {isa = PBXBuildFile; fileRef = C43F8141267295150035A99B /* ContentView.swift */; };
		C43F8144267295150035A99B /* Assets.xcassets in Resources */ = {isa = PBXBuildFile; fileRef = C43F8143267295150035A99B /* Assets.xcassets */; };
		C43F8147267295150035A99B /* Preview Assets.xcassets in Resources */ = {isa = PBXBuildFile; fileRef = C43F8146267295150035A99B /* Preview Assets.xcassets */; };
		C43F81502672954F0035A99B /* Arrow.swift in Sources */ = {isa = PBXBuildFile; fileRef = C43F814F2672954F0035A99B /* Arrow.swift */; };
		C43F8153267296250035A99B /* ColorSquare.swift in Sources */ = {isa = PBXBuildFile; fileRef = C43F8152267296250035A99B /* ColorSquare.swift */; };
		C43F815626729B4D0035A99B /* Flower.swift in Sources */ = {isa = PBXBuildFile; fileRef = C43F815526729B4D0035A99B /* Flower.swift */; };
		C43F815926729DE50035A99B /* SpecialEffects.swift in Sources */ = {isa = PBXBuildFile; fileRef = C43F815826729DE50035A99B /* SpecialEffects.swift */; };
		C43F815C2672A0600035A99B /* RGB.swift in Sources */ = {isa = PBXBuildFile; fileRef = C43F815B2672A0600035A99B /* RGB.swift */; };
		C43F815F2672A1DB0035A99B /* Trapezoid.swift in Sources */ = {isa = PBXBuildFile; fileRef = C43F815E2672A1DB0035A99B /* Trapezoid.swift */; };
		C43F81622672A3950035A99B /* Spirograph.swift in Sources */ = {isa = PBXBuildFile; fileRef = C43F81612672A3950035A99B /* Spirograph.swift */; };
/* End PBXBuildFile section */

/* Begin PBXFileReference section */
		C43F813C267295150035A99B /* ArrowChallenge.app */ = {isa = PBXFileReference; explicitFileType = wrapper.application; includeInIndex = 0; path = ArrowChallenge.app; sourceTree = BUILT_PRODUCTS_DIR; };
		C43F813F267295150035A99B /* ArrowChallengeApp.swift */ = {isa = PBXFileReference; lastKnownFileType = sourcecode.swift; path = ArrowChallengeApp.swift; sourceTree = "<group>"; };
		C43F8141267295150035A99B /* ContentView.swift */ = {isa = PBXFileReference; lastKnownFileType = sourcecode.swift; path = ContentView.swift; sourceTree = "<group>"; };
		C43F8143267295150035A99B /* Assets.xcassets */ = {isa = PBXFileReference; lastKnownFileType = folder.assetcatalog; path = Assets.xcassets; sourceTree = "<group>"; };
		C43F8146267295150035A99B /* Preview Assets.xcassets */ = {isa = PBXFileReference; lastKnownFileType = folder.assetcatalog; path = "Preview Assets.xcassets"; sourceTree = "<group>"; };
		C43F8148267295150035A99B /* Info.plist */ = {isa = PBXFileReference; lastKnownFileType = text.plist.xml; path = Info.plist; sourceTree = "<group>"; };
		C43F814F2672954F0035A99B /* Arrow.swift */ = {isa = PBXFileReference; lastKnownFileType = sourcecode.swift; path = Arrow.swift; sourceTree = "<group>"; };
		C43F8152267296250035A99B /* ColorSquare.swift */ = {isa = PBXFileReference; lastKnownFileType = sourcecode.swift; path = ColorSquare.swift; sourceTree = "<group>"; };
		C43F815526729B4D0035A99B /* Flower.swift */ = {isa = PBXFileReference; lastKnownFileType = sourcecode.swift; path = Flower.swift; sourceTree = "<group>"; };
		C43F815826729DE50035A99B /* SpecialEffects.swift */ = {isa = PBXFileReference; lastKnownFileType = sourcecode.swift; path = SpecialEffects.swift; sourceTree = "<group>"; };
		C43F815B2672A0600035A99B /* RGB.swift */ = {isa = PBXFileReference; lastKnownFileType = sourcecode.swift; path = RGB.swift; sourceTree = "<group>"; };
		C43F815E2672A1DB0035A99B /* Trapezoid.swift */ = {isa = PBXFileReference; lastKnownFileType = sourcecode.swift; path = Trapezoid.swift; sourceTree = "<group>"; };
		C43F81612672A3950035A99B /* Spirograph.swift */ = {isa = PBXFileReference; lastKnownFileType = sourcecode.swift; path = Spirograph.swift; sourceTree = "<group>"; };
/* End PBXFileReference section */

/* Begin PBXFrameworksBuildPhase section */
		C43F8139267295150035A99B /* Frameworks */ = {
			isa = PBXFrameworksBuildPhase;
			buildActionMask = 2147483647;
			files = (
			);
			runOnlyForDeploymentPostprocessing = 0;
		};
/* End PBXFrameworksBuildPhase section */

/* Begin PBXGroup section */
		C43F8133267295150035A99B = {
			isa = PBXGroup;
			children = (
				C43F813E267295150035A99B /* ArrowChallenge */,
				C43F813D267295150035A99B /* Products */,
			);
			sourceTree = "<group>";
		};
		C43F813D267295150035A99B /* Products */ = {
			isa = PBXGroup;
			children = (
				C43F813C267295150035A99B /* ArrowChallenge.app */,
			);
			name = Products;
			sourceTree = "<group>";
		};
		C43F813E267295150035A99B /* ArrowChallenge */ = {
			isa = PBXGroup;
			children = (
				C43F813F267295150035A99B /* ArrowChallengeApp.swift */,
				C43F8141267295150035A99B /* ContentView.swift */,
				C43F8152267296250035A99B /* ColorSquare.swift */,
				C43F815526729B4D0035A99B /* Flower.swift */,
				C43F815826729DE50035A99B /* SpecialEffects.swift */,
				C43F815B2672A0600035A99B /* RGB.swift */,
				C43F815E2672A1DB0035A99B /* Trapezoid.swift */,
				C43F81612672A3950035A99B /* Spirograph.swift */,
				C43F814F2672954F0035A99B /* Arrow.swift */,
				C43F8143267295150035A99B /* Assets.xcassets */,
				C43F8148267295150035A99B /* Info.plist */,
				C43F8145267295150035A99B /* Preview Content */,
			);
			path = ArrowChallenge;
			sourceTree = "<group>";
		};
		C43F8145267295150035A99B /* Preview Content */ = {
			isa = PBXGroup;
			children = (
				C43F8146267295150035A99B /* Preview Assets.xcassets */,
			);
			path = "Preview Content";
			sourceTree = "<group>";
		};
/* End PBXGroup section */

/* Begin PBXNativeTarget section */
		C43F813B267295150035A99B /* ArrowChallenge */ = {
			isa = PBXNativeTarget;
			buildConfigurationList = C43F814B267295150035A99B /* Build configuration list for PBXNativeTarget "ArrowChallenge" */;
			buildPhases = (
				C43F8138267295150035A99B /* Sources */,
				C43F8139267295150035A99B /* Frameworks */,
				C43F813A267295150035A99B /* Resources */,
			);
			buildRules = (
			);
			dependencies = (
			);
			name = ArrowChallenge;
			productName = ArrowChallenge;
			productReference = C43F813C267295150035A99B /* ArrowChallenge.app */;
			productType = "com.apple.product-type.application";
		};
/* End PBXNativeTarget section */

/* Begin PBXProject section */
		C43F8134267295150035A99B /* Project object */ = {
			isa = PBXProject;
			attributes = {
				LastSwiftUpdateCheck = 1240;
				LastUpgradeCheck = 1240;
				TargetAttributes = {
					C43F813B267295150035A99B = {
						CreatedOnToolsVersion = 12.4;
					};
				};
			};
			buildConfigurationList = C43F8137267295150035A99B /* Build configuration list for PBXProject "ArrowChallenge" */;
			compatibilityVersion = "Xcode 9.3";
			developmentRegion = en;
			hasScannedForEncodings = 0;
			knownRegions = (
				en,
				Base,
			);
			mainGroup = C43F8133267295150035A99B;
			productRefGroup = C43F813D267295150035A99B /* Products */;
			projectDirPath = "";
			projectRoot = "";
			targets = (
				C43F813B267295150035A99B /* ArrowChallenge */,
			);
		};
/* End PBXProject section */

/* Begin PBXResourcesBuildPhase section */
		C43F813A267295150035A99B /* Resources */ = {
			isa = PBXResourcesBuildPhase;
			buildActionMask = 2147483647;
			files = (
				C43F8147267295150035A99B /* Preview Assets.xcassets in Resources */,
				C43F8144267295150035A99B /* Assets.xcassets in Resources */,
			);
			runOnlyForDeploymentPostprocessing = 0;
		};
/* End PBXResourcesBuildPhase section */

/* Begin PBXSourcesBuildPhase section */
		C43F8138267295150035A99B /* Sources */ = {
			isa = PBXSourcesBuildPhase;
			buildActionMask = 2147483647;
			files = (
				C43F8153267296250035A99B /* ColorSquare.swift in Sources */,
				C43F8142267295150035A99B /* ContentView.swift in Sources */,
				C43F81622672A3950035A99B /* Spirograph.swift in Sources */,
				C43F815926729DE50035A99B /* SpecialEffects.swift in Sources */,
				C43F815626729B4D0035A99B /* Flower.swift in Sources */,
				C43F815F2672A1DB0035A99B /* Trapezoid.swift in Sources */,
				C43F815C2672A0600035A99B /* RGB.swift in Sources */,
				C43F8140267295150035A99B /* ArrowChallengeApp.swift in Sources */,
				C43F81502672954F0035A99B /* Arrow.swift in Sources */,
			);
			runOnlyForDeploymentPostprocessing = 0;
		};
/* End PBXSourcesBuildPhase section */

/* Begin XCBuildConfiguration section */
		C43F8149267295150035A99B /* Debug */ = {
			isa = XCBuildConfiguration;
			buildSettings = {
				ALWAYS_SEARCH_USER_PATHS = NO;
				CLANG_ANALYZER_NONNULL = YES;
				CLANG_ANALYZER_NUMBER_OBJECT_CONVERSION = YES_AGGRESSIVE;
				CLANG_CXX_LANGUAGE_STANDARD = "gnu++14";
				CLANG_CXX_LIBRARY = "libc++";
				CLANG_ENABLE_MODULES = YES;
				CLANG_ENABLE_OBJC_ARC = YES;
				CLANG_ENABLE_OBJC_WEAK = YES;
				CLANG_WARN_BLOCK_CAPTURE_AUTORELEASING = YES;
				CLANG_WARN_BOOL_CONVERSION = YES;
				CLANG_WARN_COMMA = YES;
				CLANG_WARN_CONSTANT_CONVERSION = YES;
				CLANG_WARN_DEPRECATED_OBJC_IMPLEMENTATIONS = YES;
				CLANG_WARN_DIRECT_OBJC_ISA_USAGE = YES_ERROR;
				CLANG_WARN_DOCUMENTATION_COMMENTS = YES;
				CLANG_WARN_EMPTY_BODY = YES;
				CLANG_WARN_ENUM_CONVERSION = YES;
				CLANG_WARN_INFINITE_RECURSION = YES;
				CLANG_WARN_INT_CONVERSION = YES;
				CLANG_WARN_NON_LITERAL_NULL_CONVERSION = YES;
				CLANG_WARN_OBJC_IMPLICIT_RETAIN_SELF = YES;
				CLANG_WARN_OBJC_LITERAL_CONVERSION = YES;
				CLANG_WARN_OBJC_ROOT_CLASS = YES_ERROR;
				CLANG_WARN_QUOTED_INCLUDE_IN_FRAMEWORK_HEADER = YES;
				CLANG_WARN_RANGE_LOOP_ANALYSIS = YES;
				CLANG_WARN_STRICT_PROTOTYPES = YES;
				CLANG_WARN_SUSPICIOUS_MOVE = YES;
				CLANG_WARN_UNGUARDED_AVAILABILITY = YES_AGGRESSIVE;
				CLANG_WARN_UNREACHABLE_CODE = YES;
				CLANG_WARN__DUPLICATE_METHOD_MATCH = YES;
				COPY_PHASE_STRIP = NO;
				DEBUG_INFORMATION_FORMAT = dwarf;
				ENABLE_STRICT_OBJC_MSGSEND = YES;
				ENABLE_TESTABILITY = YES;
				GCC_C_LANGUAGE_STANDARD = gnu11;
				GCC_DYNAMIC_NO_PIC = NO;
				GCC_NO_COMMON_BLOCKS = YES;
				GCC_OPTIMIZATION_LEVEL = 0;
				GCC_PREPROCESSOR_DEFINITIONS = (
					"DEBUG=1",
					"$(inherited)",
				);
				GCC_WARN_64_TO_32_BIT_CONVERSION = YES;
				GCC_WARN_ABOUT_RETURN_TYPE = YES_ERROR;
				GCC_WARN_UNDECLARED_SELECTOR = YES;
				GCC_WARN_UNINITIALIZED_AUTOS = YES_AGGRESSIVE;
				GCC_WARN_UNUSED_FUNCTION = YES;
				GCC_WARN_UNUSED_VARIABLE = YES;
				IPHONEOS_DEPLOYMENT_TARGET = 14.4;
				MTL_ENABLE_DEBUG_INFO = INCLUDE_SOURCE;
				MTL_FAST_MATH = YES;
				ONLY_ACTIVE_ARCH = YES;
				SDKROOT = iphoneos;
				SWIFT_ACTIVE_COMPILATION_CONDITIONS = DEBUG;
				SWIFT_OPTIMIZATION_LEVEL = "-Onone";
			};
			name = Debug;
		};
		C43F814A267295150035A99B /* Release */ = {
			isa = XCBuildConfiguration;
			buildSettings = {
				ALWAYS_SEARCH_USER_PATHS = NO;
				CLANG_ANALYZER_NONNULL = YES;
				CLANG_ANALYZER_NUMBER_OBJECT_CONVERSION = YES_AGGRESSIVE;
				CLANG_CXX_LANGUAGE_STANDARD = "gnu++14";
				CLANG_CXX_LIBRARY = "libc++";
				CLANG_ENABLE_MODULES = YES;
				CLANG_ENABLE_OBJC_ARC = YES;
				CLANG_ENABLE_OBJC_WEAK = YES;
				CLANG_WARN_BLOCK_CAPTURE_AUTORELEASING = YES;
				CLANG_WARN_BOOL_CONVERSION = YES;
				CLANG_WARN_COMMA = YES;
				CLANG_WARN_CONSTANT_CONVERSION = YES;
				CLANG_WARN_DEPRECATED_OBJC_IMPLEMENTATIONS = YES;
				CLANG_WARN_DIRECT_OBJC_ISA_USAGE = YES_ERROR;
				CLANG_WARN_DOCUMENTATION_COMMENTS = YES;
				CLANG_WARN_EMPTY_BODY = YES;
				CLANG_WARN_ENUM_CONVERSION = YES;
				CLANG_WARN_INFINITE_RECURSION = YES;
				CLANG_WARN_INT_CONVERSION = YES;
				CLANG_WARN_NON_LITERAL_NULL_CONVERSION = YES;
				CLANG_WARN_OBJC_IMPLICIT_RETAIN_SELF = YES;
				CLANG_WARN_OBJC_LITERAL_CONVERSION = YES;
				CLANG_WARN_OBJC_ROOT_CLASS = YES_ERROR;
				CLANG_WARN_QUOTED_INCLUDE_IN_FRAMEWORK_HEADER = YES;
				CLANG_WARN_RANGE_LOOP_ANALYSIS = YES;
				CLANG_WARN_STRICT_PROTOTYPES = YES;
				CLANG_WARN_SUSPICIOUS_MOVE = YES;
				CLANG_WARN_UNGUARDED_AVAILABILITY = YES_AGGRESSIVE;
				CLANG_WARN_UNREACHABLE_CODE = YES;
				CLANG_WARN__DUPLICATE_METHOD_MATCH = YES;
				COPY_PHASE_STRIP = NO;
				DEBUG_INFORMATION_FORMAT = "dwarf-with-dsym";
				ENABLE_NS_ASSERTIONS = NO;
				ENABLE_STRICT_OBJC_MSGSEND = YES;
				GCC_C_LANGUAGE_STANDARD = gnu11;
				GCC_NO_COMMON_BLOCKS = YES;
				GCC_WARN_64_TO_32_BIT_CONVERSION = YES;
				GCC_WARN_ABOUT_RETURN_TYPE = YES_ERROR;
				GCC_WARN_UNDECLARED_SELECTOR = YES;
				GCC_WARN_UNINITIALIZED_AUTOS = YES_AGGRESSIVE;
				GCC_WARN_UNUSED_FUNCTION = YES;
				GCC_WARN_UNUSED_VARIABLE = YES;
				IPHONEOS_DEPLOYMENT_TARGET = 14.4;
				MTL_ENABLE_DEBUG_INFO = NO;
				MTL_FAST_MATH = YES;
				SDKROOT = iphoneos;
				SWIFT_COMPILATION_MODE = wholemodule;
				SWIFT_OPTIMIZATION_LEVEL = "-O";
				VALIDATE_PRODUCT = YES;
			};
			name = Release;
		};
		C43F814C267295150035A99B /* Debug */ = {
			isa = XCBuildConfiguration;
			buildSettings = {
				ASSETCATALOG_COMPILER_APPICON_NAME = AppIcon;
				ASSETCATALOG_COMPILER_GLOBAL_ACCENT_COLOR_NAME = AccentColor;
				CODE_SIGN_STYLE = Automatic;
				DEVELOPMENT_ASSET_PATHS = "\"ArrowChallenge/Preview Content\"";
				DEVELOPMENT_TEAM = J4JD84FNLS;
				ENABLE_PREVIEWS = YES;
				INFOPLIST_FILE = ArrowChallenge/Info.plist;
				IPHONEOS_DEPLOYMENT_TARGET = 14.0;
				LD_RUNPATH_SEARCH_PATHS = (
					"$(inherited)",
					"@executable_path/Frameworks",
				);
				PRODUCT_BUNDLE_IDENTIFIER = com.nickrice.ArrowChallenge;
				PRODUCT_NAME = "$(TARGET_NAME)";
				SWIFT_VERSION = 5.0;
				TARGETED_DEVICE_FAMILY = "1,2";
			};
			name = Debug;
		};
		C43F814D267295150035A99B /* Release */ = {
			isa = XCBuildConfiguration;
			buildSettings = {
				ASSETCATALOG_COMPILER_APPICON_NAME = AppIcon;
				ASSETCATALOG_COMPILER_GLOBAL_ACCENT_COLOR_NAME = AccentColor;
				CODE_SIGN_STYLE = Automatic;
				DEVELOPMENT_ASSET_PATHS = "\"ArrowChallenge/Preview Content\"";
				DEVELOPMENT_TEAM = J4JD84FNLS;
				ENABLE_PREVIEWS = YES;
				INFOPLIST_FILE = ArrowChallenge/Info.plist;
				IPHONEOS_DEPLOYMENT_TARGET = 14.0;
				LD_RUNPATH_SEARCH_PATHS = (
					"$(inherited)",
					"@executable_path/Frameworks",
				);
				PRODUCT_BUNDLE_IDENTIFIER = com.nickrice.ArrowChallenge;
				PRODUCT_NAME = "$(TARGET_NAME)";
				SWIFT_VERSION = 5.0;
				TARGETED_DEVICE_FAMILY = "1,2";
			};
			name = Release;
		};
/* End XCBuildConfiguration section */

/* Begin XCConfigurationList section */
		C43F8137267295150035A99B /* Build configuration list for PBXProject "ArrowChallenge" */ = {
			isa = XCConfigurationList;
			buildConfigurations = (
				C43F8149267295150035A99B /* Debug */,
				C43F814A267295150035A99B /* Release */,
			);
			defaultConfigurationIsVisible = 0;
			defaultConfigurationName = Release;
		};
		C43F814B267295150035A99B /* Build configuration list for PBXNativeTarget "ArrowChallenge" */ = {
			isa = XCConfigurationList;
			buildConfigurations = (
				C43F814C267295150035A99B /* Debug */,
				C43F814D267295150035A99B /* Release */,
			);
			defaultConfigurationIsVisible = 0;
			defaultConfigurationName = Release;
		};
/* End XCConfigurationList section */
	};
	rootObject = C43F8134267295150035A99B /* Project object */;
}
