// !$*UTF8*$!
{
	archiveVersion = 1;
	classes = {
	};
	objectVersion = 50;
	objects = {

/* Begin PBXBuildFile section */
		C42789A22679222100BAF8CF /* ActivityClass.swift in Sources */ = {isa = PBXBuildFile; fileRef = C42789A12679222100BAF8CF /* ActivityClass.swift */; };
		C42789A4267923C900BAF8CF /* ActivityStruct.swift in Sources */ = {isa = PBXBuildFile; fileRef = C42789A3267923C900BAF8CF /* ActivityStruct.swift */; };
		C42789D22679474C00BAF8CF /* Rubik-Medium.ttf in Resources */ = {isa = PBXBuildFile; fileRef = C42789C42679474C00BAF8CF /* Rubik-Medium.ttf */; };
		C42789D32679474C00BAF8CF /* Rubik-Regular.ttf in Resources */ = {isa = PBXBuildFile; fileRef = C42789C52679474C00BAF8CF /* Rubik-Regular.ttf */; };
		C42789D42679474C00BAF8CF /* Rubik-BlackItalic.ttf in Resources */ = {isa = PBXBuildFile; fileRef = C42789C62679474C00BAF8CF /* Rubik-BlackItalic.ttf */; };
		C42789D52679474C00BAF8CF /* Rubik-Black.ttf in Resources */ = {isa = PBXBuildFile; fileRef = C42789C72679474C00BAF8CF /* Rubik-Black.ttf */; };
		C42789D62679474C00BAF8CF /* Rubik-SemiBoldItalic.ttf in Resources */ = {isa = PBXBuildFile; fileRef = C42789C82679474C00BAF8CF /* Rubik-SemiBoldItalic.ttf */; };
		C42789D72679474C00BAF8CF /* Rubik-ExtraBoldItalic.ttf in Resources */ = {isa = PBXBuildFile; fileRef = C42789C92679474C00BAF8CF /* Rubik-ExtraBoldItalic.ttf */; };
		C42789D82679474C00BAF8CF /* Rubik-ExtraBold.ttf in Resources */ = {isa = PBXBuildFile; fileRef = C42789CA2679474C00BAF8CF /* Rubik-ExtraBold.ttf */; };
		C42789D92679474C00BAF8CF /* Rubik-LightItalic.ttf in Resources */ = {isa = PBXBuildFile; fileRef = C42789CB2679474C00BAF8CF /* Rubik-LightItalic.ttf */; };
		C42789DA2679474C00BAF8CF /* Rubik-BoldItalic.ttf in Resources */ = {isa = PBXBuildFile; fileRef = C42789CC2679474C00BAF8CF /* Rubik-BoldItalic.ttf */; };
		C42789DB2679474C00BAF8CF /* Rubik-Italic.ttf in Resources */ = {isa = PBXBuildFile; fileRef = C42789CD2679474C00BAF8CF /* Rubik-Italic.ttf */; };
		C42789DC2679474C00BAF8CF /* Rubik-MediumItalic.ttf in Resources */ = {isa = PBXBuildFile; fileRef = C42789CE2679474C00BAF8CF /* Rubik-MediumItalic.ttf */; };
		C42789DD2679474C00BAF8CF /* Rubik-Light.ttf in Resources */ = {isa = PBXBuildFile; fileRef = C42789CF2679474C00BAF8CF /* Rubik-Light.ttf */; };
		C42789DE2679474C00BAF8CF /* Rubik-Bold.ttf in Resources */ = {isa = PBXBuildFile; fileRef = C42789D02679474C00BAF8CF /* Rubik-Bold.ttf */; };
		C42789DF2679474C00BAF8CF /* Rubik-SemiBold.ttf in Resources */ = {isa = PBXBuildFile; fileRef = C42789D12679474C00BAF8CF /* Rubik-SemiBold.ttf */; };
		C4C94F7D2677DD8D00D2E1B9 /* AddNewActivity.swift in Sources */ = {isa = PBXBuildFile; fileRef = C4C94F7C2677DD8D00D2E1B9 /* AddNewActivity.swift */; };
		C4FC37B12677BC9E00BC0F5B /* HabitrackApp.swift in Sources */ = {isa = PBXBuildFile; fileRef = C4FC37B02677BC9E00BC0F5B /* HabitrackApp.swift */; };
		C4FC37B32677BC9E00BC0F5B /* ContentView.swift in Sources */ = {isa = PBXBuildFile; fileRef = C4FC37B22677BC9E00BC0F5B /* ContentView.swift */; };
		C4FC37B52677BC9F00BC0F5B /* Assets.xcassets in Resources */ = {isa = PBXBuildFile; fileRef = C4FC37B42677BC9F00BC0F5B /* Assets.xcassets */; };
		C4FC37B82677BC9F00BC0F5B /* Preview Assets.xcassets in Resources */ = {isa = PBXBuildFile; fileRef = C4FC37B72677BC9F00BC0F5B /* Preview Assets.xcassets */; };
		C4FC37C12677BF2E00BC0F5B /* SecondView.swift in Sources */ = {isa = PBXBuildFile; fileRef = C4FC37C02677BF2E00BC0F5B /* SecondView.swift */; };
/* End PBXBuildFile section */

/* Begin PBXFileReference section */
		C42789A12679222100BAF8CF /* ActivityClass.swift */ = {isa = PBXFileReference; lastKnownFileType = sourcecode.swift; path = ActivityClass.swift; sourceTree = "<group>"; };
		C42789A3267923C900BAF8CF /* ActivityStruct.swift */ = {isa = PBXFileReference; lastKnownFileType = sourcecode.swift; path = ActivityStruct.swift; sourceTree = "<group>"; };
		C42789C42679474C00BAF8CF /* Rubik-Medium.ttf */ = {isa = PBXFileReference; lastKnownFileType = file; path = "Rubik-Medium.ttf"; sourceTree = "<group>"; };
		C42789C52679474C00BAF8CF /* Rubik-Regular.ttf */ = {isa = PBXFileReference; lastKnownFileType = file; path = "Rubik-Regular.ttf"; sourceTree = "<group>"; };
		C42789C62679474C00BAF8CF /* Rubik-BlackItalic.ttf */ = {isa = PBXFileReference; lastKnownFileType = file; path = "Rubik-BlackItalic.ttf"; sourceTree = "<group>"; };
		C42789C72679474C00BAF8CF /* Rubik-Black.ttf */ = {isa = PBXFileReference; lastKnownFileType = file; path = "Rubik-Black.ttf"; sourceTree = "<group>"; };
		C42789C82679474C00BAF8CF /* Rubik-SemiBoldItalic.ttf */ = {isa = PBXFileReference; lastKnownFileType = file; path = "Rubik-SemiBoldItalic.ttf"; sourceTree = "<group>"; };
		C42789C92679474C00BAF8CF /* Rubik-ExtraBoldItalic.ttf */ = {isa = PBXFileReference; lastKnownFileType = file; path = "Rubik-ExtraBoldItalic.ttf"; sourceTree = "<group>"; };
		C42789CA2679474C00BAF8CF /* Rubik-ExtraBold.ttf */ = {isa = PBXFileReference; lastKnownFileType = file; path = "Rubik-ExtraBold.ttf"; sourceTree = "<group>"; };
		C42789CB2679474C00BAF8CF /* Rubik-LightItalic.ttf */ = {isa = PBXFileReference; lastKnownFileType = file; path = "Rubik-LightItalic.ttf"; sourceTree = "<group>"; };
		C42789CC2679474C00BAF8CF /* Rubik-BoldItalic.ttf */ = {isa = PBXFileReference; lastKnownFileType = file; path = "Rubik-BoldItalic.ttf"; sourceTree = "<group>"; };
		C42789CD2679474C00BAF8CF /* Rubik-Italic.ttf */ = {isa = PBXFileReference; lastKnownFileType = file; path = "Rubik-Italic.ttf"; sourceTree = "<group>"; };
		C42789CE2679474C00BAF8CF /* Rubik-MediumItalic.ttf */ = {isa = PBXFileReference; lastKnownFileType = file; path = "Rubik-MediumItalic.ttf"; sourceTree = "<group>"; };
		C42789CF2679474C00BAF8CF /* Rubik-Light.ttf */ = {isa = PBXFileReference; lastKnownFileType = file; path = "Rubik-Light.ttf"; sourceTree = "<group>"; };
		C42789D02679474C00BAF8CF /* Rubik-Bold.ttf */ = {isa = PBXFileReference; lastKnownFileType = file; path = "Rubik-Bold.ttf"; sourceTree = "<group>"; };
		C42789D12679474C00BAF8CF /* Rubik-SemiBold.ttf */ = {isa = PBXFileReference; lastKnownFileType = file; path = "Rubik-SemiBold.ttf"; sourceTree = "<group>"; };
		C4C94F7C2677DD8D00D2E1B9 /* AddNewActivity.swift */ = {isa = PBXFileReference; lastKnownFileType = sourcecode.swift; path = AddNewActivity.swift; sourceTree = "<group>"; };
		C4FC37AD2677BC9E00BC0F5B /* Habitrack.app */ = {isa = PBXFileReference; explicitFileType = wrapper.application; includeInIndex = 0; path = Habitrack.app; sourceTree = BUILT_PRODUCTS_DIR; };
		C4FC37B02677BC9E00BC0F5B /* HabitrackApp.swift */ = {isa = PBXFileReference; lastKnownFileType = sourcecode.swift; path = HabitrackApp.swift; sourceTree = "<group>"; };
		C4FC37B22677BC9E00BC0F5B /* ContentView.swift */ = {isa = PBXFileReference; lastKnownFileType = sourcecode.swift; path = ContentView.swift; sourceTree = "<group>"; };
		C4FC37B42677BC9F00BC0F5B /* Assets.xcassets */ = {isa = PBXFileReference; lastKnownFileType = folder.assetcatalog; path = Assets.xcassets; sourceTree = "<group>"; };
		C4FC37B72677BC9F00BC0F5B /* Preview Assets.xcassets */ = {isa = PBXFileReference; lastKnownFileType = folder.assetcatalog; path = "Preview Assets.xcassets"; sourceTree = "<group>"; };
		C4FC37B92677BC9F00BC0F5B /* Info.plist */ = {isa = PBXFileReference; lastKnownFileType = text.plist.xml; path = Info.plist; sourceTree = "<group>"; };
		C4FC37C02677BF2E00BC0F5B /* SecondView.swift */ = {isa = PBXFileReference; lastKnownFileType = sourcecode.swift; path = SecondView.swift; sourceTree = "<group>"; };
/* End PBXFileReference section */

/* Begin PBXFrameworksBuildPhase section */
		C4FC37AA2677BC9E00BC0F5B /* Frameworks */ = {
			isa = PBXFrameworksBuildPhase;
			buildActionMask = 2147483647;
			files = (
			);
			runOnlyForDeploymentPostprocessing = 0;
		};
/* End PBXFrameworksBuildPhase section */

/* Begin PBXGroup section */
		C42789E02679505300BAF8CF /* Fonts */ = {
			isa = PBXGroup;
			children = (
				C42789C82679474C00BAF8CF /* Rubik-SemiBoldItalic.ttf */,
				C42789C72679474C00BAF8CF /* Rubik-Black.ttf */,
				C42789C62679474C00BAF8CF /* Rubik-BlackItalic.ttf */,
				C42789D02679474C00BAF8CF /* Rubik-Bold.ttf */,
				C42789CC2679474C00BAF8CF /* Rubik-BoldItalic.ttf */,
				C42789CA2679474C00BAF8CF /* Rubik-ExtraBold.ttf */,
				C42789C92679474C00BAF8CF /* Rubik-ExtraBoldItalic.ttf */,
				C42789CD2679474C00BAF8CF /* Rubik-Italic.ttf */,
				C42789CF2679474C00BAF8CF /* Rubik-Light.ttf */,
				C42789CB2679474C00BAF8CF /* Rubik-LightItalic.ttf */,
				C42789C42679474C00BAF8CF /* Rubik-Medium.ttf */,
				C42789CE2679474C00BAF8CF /* Rubik-MediumItalic.ttf */,
				C42789C52679474C00BAF8CF /* Rubik-Regular.ttf */,
				C42789D12679474C00BAF8CF /* Rubik-SemiBold.ttf */,
			);
			path = Fonts;
			sourceTree = "<group>";
		};
		C4FC37A42677BC9E00BC0F5B = {
			isa = PBXGroup;
			children = (
				C4FC37AF2677BC9E00BC0F5B /* Habitrack */,
				C4FC37AE2677BC9E00BC0F5B /* Products */,
			);
			sourceTree = "<group>";
		};
		C4FC37AE2677BC9E00BC0F5B /* Products */ = {
			isa = PBXGroup;
			children = (
				C4FC37AD2677BC9E00BC0F5B /* Habitrack.app */,
			);
			name = Products;
			sourceTree = "<group>";
		};
		C4FC37AF2677BC9E00BC0F5B /* Habitrack */ = {
			isa = PBXGroup;
			children = (
				C4FC37B02677BC9E00BC0F5B /* HabitrackApp.swift */,
				C4FC37B22677BC9E00BC0F5B /* ContentView.swift */,
				C4C94F7C2677DD8D00D2E1B9 /* AddNewActivity.swift */,
				C42789A12679222100BAF8CF /* ActivityClass.swift */,
				C42789A3267923C900BAF8CF /* ActivityStruct.swift */,
				C4FC37C02677BF2E00BC0F5B /* SecondView.swift */,
				C42789E02679505300BAF8CF /* Fonts */,
				C4FC37B42677BC9F00BC0F5B /* Assets.xcassets */,
				C4FC37B92677BC9F00BC0F5B /* Info.plist */,
				C4FC37B62677BC9F00BC0F5B /* Preview Content */,
			);
			path = Habitrack;
			sourceTree = "<group>";
		};
		C4FC37B62677BC9F00BC0F5B /* Preview Content */ = {
			isa = PBXGroup;
			children = (
				C4FC37B72677BC9F00BC0F5B /* Preview Assets.xcassets */,
			);
			path = "Preview Content";
			sourceTree = "<group>";
		};
/* End PBXGroup section */

/* Begin PBXNativeTarget section */
		C4FC37AC2677BC9E00BC0F5B /* Habitrack */ = {
			isa = PBXNativeTarget;
			buildConfigurationList = C4FC37BC2677BC9F00BC0F5B /* Build configuration list for PBXNativeTarget "Habitrack" */;
			buildPhases = (
				C4FC37A92677BC9E00BC0F5B /* Sources */,
				C4FC37AA2677BC9E00BC0F5B /* Frameworks */,
				C4FC37AB2677BC9E00BC0F5B /* Resources */,
			);
			buildRules = (
			);
			dependencies = (
			);
			name = Habitrack;
			productName = Habitrack;
			productReference = C4FC37AD2677BC9E00BC0F5B /* Habitrack.app */;
			productType = "com.apple.product-type.application";
		};
/* End PBXNativeTarget section */

/* Begin PBXProject section */
		C4FC37A52677BC9E00BC0F5B /* Project object */ = {
			isa = PBXProject;
			attributes = {
				LastSwiftUpdateCheck = 1240;
				LastUpgradeCheck = 1240;
				TargetAttributes = {
					C4FC37AC2677BC9E00BC0F5B = {
						CreatedOnToolsVersion = 12.4;
					};
				};
			};
			buildConfigurationList = C4FC37A82677BC9E00BC0F5B /* Build configuration list for PBXProject "Habitrack" */;
			compatibilityVersion = "Xcode 9.3";
			developmentRegion = en;
			hasScannedForEncodings = 0;
			knownRegions = (
				en,
				Base,
			);
			mainGroup = C4FC37A42677BC9E00BC0F5B;
			productRefGroup = C4FC37AE2677BC9E00BC0F5B /* Products */;
			projectDirPath = "";
			projectRoot = "";
			targets = (
				C4FC37AC2677BC9E00BC0F5B /* Habitrack */,
			);
		};
/* End PBXProject section */

/* Begin PBXResourcesBuildPhase section */
		C4FC37AB2677BC9E00BC0F5B /* Resources */ = {
			isa = PBXResourcesBuildPhase;
			buildActionMask = 2147483647;
			files = (
				C42789D52679474C00BAF8CF /* Rubik-Black.ttf in Resources */,
				C42789D92679474C00BAF8CF /* Rubik-LightItalic.ttf in Resources */,
				C42789D82679474C00BAF8CF /* Rubik-ExtraBold.ttf in Resources */,
				C42789D42679474C00BAF8CF /* Rubik-BlackItalic.ttf in Resources */,
				C42789DE2679474C00BAF8CF /* Rubik-Bold.ttf in Resources */,
				C42789D72679474C00BAF8CF /* Rubik-ExtraBoldItalic.ttf in Resources */,
				C42789DD2679474C00BAF8CF /* Rubik-Light.ttf in Resources */,
				C42789DF2679474C00BAF8CF /* Rubik-SemiBold.ttf in Resources */,
				C42789D22679474C00BAF8CF /* Rubik-Medium.ttf in Resources */,
				C42789DA2679474C00BAF8CF /* Rubik-BoldItalic.ttf in Resources */,
				C42789D32679474C00BAF8CF /* Rubik-Regular.ttf in Resources */,
				C42789DB2679474C00BAF8CF /* Rubik-Italic.ttf in Resources */,
				C42789DC2679474C00BAF8CF /* Rubik-MediumItalic.ttf in Resources */,
				C4FC37B82677BC9F00BC0F5B /* Preview Assets.xcassets in Resources */,
				C4FC37B52677BC9F00BC0F5B /* Assets.xcassets in Resources */,
				C42789D62679474C00BAF8CF /* Rubik-SemiBoldItalic.ttf in Resources */,
			);
			runOnlyForDeploymentPostprocessing = 0;
		};
/* End PBXResourcesBuildPhase section */

/* Begin PBXSourcesBuildPhase section */
		C4FC37A92677BC9E00BC0F5B /* Sources */ = {
			isa = PBXSourcesBuildPhase;
			buildActionMask = 2147483647;
			files = (
				C4FC37C12677BF2E00BC0F5B /* SecondView.swift in Sources */,
				C42789A4267923C900BAF8CF /* ActivityStruct.swift in Sources */,
				C4FC37B32677BC9E00BC0F5B /* ContentView.swift in Sources */,
				C4FC37B12677BC9E00BC0F5B /* HabitrackApp.swift in Sources */,
				C42789A22679222100BAF8CF /* ActivityClass.swift in Sources */,
				C4C94F7D2677DD8D00D2E1B9 /* AddNewActivity.swift in Sources */,
			);
			runOnlyForDeploymentPostprocessing = 0;
		};
/* End PBXSourcesBuildPhase section */

/* Begin XCBuildConfiguration section */
		C4FC37BA2677BC9F00BC0F5B /* Debug */ = {
			isa = XCBuildConfiguration;
			buildSettings = {
				ALWAYS_SEARCH_USER_PATHS = NO;
				CLANG_ANALYZER_NONNULL = YES;
				CLANG_ANALYZER_NUMBER_OBJECT_CONVERSION = YES_AGGRESSIVE;
				CLANG_CXX_LANGUAGE_STANDARD = "gnu++14";
				CLANG_CXX_LIBRARY = "libc++";
				CLANG_ENABLE_MODULES = YES;
				CLANG_ENABLE_OBJC_ARC = YES;
				CLANG_ENABLE_OBJC_WEAK = YES;
				CLANG_WARN_BLOCK_CAPTURE_AUTORELEASING = YES;
				CLANG_WARN_BOOL_CONVERSION = YES;
				CLANG_WARN_COMMA = YES;
				CLANG_WARN_CONSTANT_CONVERSION = YES;
				CLANG_WARN_DEPRECATED_OBJC_IMPLEMENTATIONS = YES;
				CLANG_WARN_DIRECT_OBJC_ISA_USAGE = YES_ERROR;
				CLANG_WARN_DOCUMENTATION_COMMENTS = YES;
				CLANG_WARN_EMPTY_BODY = YES;
				CLANG_WARN_ENUM_CONVERSION = YES;
				CLANG_WARN_INFINITE_RECURSION = YES;
				CLANG_WARN_INT_CONVERSION = YES;
				CLANG_WARN_NON_LITERAL_NULL_CONVERSION = YES;
				CLANG_WARN_OBJC_IMPLICIT_RETAIN_SELF = YES;
				CLANG_WARN_OBJC_LITERAL_CONVERSION = YES;
				CLANG_WARN_OBJC_ROOT_CLASS = YES_ERROR;
				CLANG_WARN_QUOTED_INCLUDE_IN_FRAMEWORK_HEADER = YES;
				CLANG_WARN_RANGE_LOOP_ANALYSIS = YES;
				CLANG_WARN_STRICT_PROTOTYPES = YES;
				CLANG_WARN_SUSPICIOUS_MOVE = YES;
				CLANG_WARN_UNGUARDED_AVAILABILITY = YES_AGGRESSIVE;
				CLANG_WARN_UNREACHABLE_CODE = YES;
				CLANG_WARN__DUPLICATE_METHOD_MATCH = YES;
				COPY_PHASE_STRIP = NO;
				DEBUG_INFORMATION_FORMAT = dwarf;
				ENABLE_STRICT_OBJC_MSGSEND = YES;
				ENABLE_TESTABILITY = YES;
				GCC_C_LANGUAGE_STANDARD = gnu11;
				GCC_DYNAMIC_NO_PIC = NO;
				GCC_NO_COMMON_BLOCKS = YES;
				GCC_OPTIMIZATION_LEVEL = 0;
				GCC_PREPROCESSOR_DEFINITIONS = (
					"DEBUG=1",
					"$(inherited)",
				);
				GCC_WARN_64_TO_32_BIT_CONVERSION = YES;
				GCC_WARN_ABOUT_RETURN_TYPE = YES_ERROR;
				GCC_WARN_UNDECLARED_SELECTOR = YES;
				GCC_WARN_UNINITIALIZED_AUTOS = YES_AGGRESSIVE;
				GCC_WARN_UNUSED_FUNCTION = YES;
				GCC_WARN_UNUSED_VARIABLE = YES;
				IPHONEOS_DEPLOYMENT_TARGET = 14.4;
				MTL_ENABLE_DEBUG_INFO = INCLUDE_SOURCE;
				MTL_FAST_MATH = YES;
				ONLY_ACTIVE_ARCH = YES;
				SDKROOT = iphoneos;
				SWIFT_ACTIVE_COMPILATION_CONDITIONS = DEBUG;
				SWIFT_OPTIMIZATION_LEVEL = "-Onone";
			};
			name = Debug;
		};
		C4FC37BB2677BC9F00BC0F5B /* Release */ = {
			isa = XCBuildConfiguration;
			buildSettings = {
				ALWAYS_SEARCH_USER_PATHS = NO;
				CLANG_ANALYZER_NONNULL = YES;
				CLANG_ANALYZER_NUMBER_OBJECT_CONVERSION = YES_AGGRESSIVE;
				CLANG_CXX_LANGUAGE_STANDARD = "gnu++14";
				CLANG_CXX_LIBRARY = "libc++";
				CLANG_ENABLE_MODULES = YES;
				CLANG_ENABLE_OBJC_ARC = YES;
				CLANG_ENABLE_OBJC_WEAK = YES;
				CLANG_WARN_BLOCK_CAPTURE_AUTORELEASING = YES;
				CLANG_WARN_BOOL_CONVERSION = YES;
				CLANG_WARN_COMMA = YES;
				CLANG_WARN_CONSTANT_CONVERSION = YES;
				CLANG_WARN_DEPRECATED_OBJC_IMPLEMENTATIONS = YES;
				CLANG_WARN_DIRECT_OBJC_ISA_USAGE = YES_ERROR;
				CLANG_WARN_DOCUMENTATION_COMMENTS = YES;
				CLANG_WARN_EMPTY_BODY = YES;
				CLANG_WARN_ENUM_CONVERSION = YES;
				CLANG_WARN_INFINITE_RECURSION = YES;
				CLANG_WARN_INT_CONVERSION = YES;
				CLANG_WARN_NON_LITERAL_NULL_CONVERSION = YES;
				CLANG_WARN_OBJC_IMPLICIT_RETAIN_SELF = YES;
				CLANG_WARN_OBJC_LITERAL_CONVERSION = YES;
				CLANG_WARN_OBJC_ROOT_CLASS = YES_ERROR;
				CLANG_WARN_QUOTED_INCLUDE_IN_FRAMEWORK_HEADER = YES;
				CLANG_WARN_RANGE_LOOP_ANALYSIS = YES;
				CLANG_WARN_STRICT_PROTOTYPES = YES;
				CLANG_WARN_SUSPICIOUS_MOVE = YES;
				CLANG_WARN_UNGUARDED_AVAILABILITY = YES_AGGRESSIVE;
				CLANG_WARN_UNREACHABLE_CODE = YES;
				CLANG_WARN__DUPLICATE_METHOD_MATCH = YES;
				COPY_PHASE_STRIP = NO;
				DEBUG_INFORMATION_FORMAT = "dwarf-with-dsym";
				ENABLE_NS_ASSERTIONS = NO;
				ENABLE_STRICT_OBJC_MSGSEND = YES;
				GCC_C_LANGUAGE_STANDARD = gnu11;
				GCC_NO_COMMON_BLOCKS = YES;
				GCC_WARN_64_TO_32_BIT_CONVERSION = YES;
				GCC_WARN_ABOUT_RETURN_TYPE = YES_ERROR;
				GCC_WARN_UNDECLARED_SELECTOR = YES;
				GCC_WARN_UNINITIALIZED_AUTOS = YES_AGGRESSIVE;
				GCC_WARN_UNUSED_FUNCTION = YES;
				GCC_WARN_UNUSED_VARIABLE = YES;
				IPHONEOS_DEPLOYMENT_TARGET = 14.4;
				MTL_ENABLE_DEBUG_INFO = NO;
				MTL_FAST_MATH = YES;
				SDKROOT = iphoneos;
				SWIFT_COMPILATION_MODE = wholemodule;
				SWIFT_OPTIMIZATION_LEVEL = "-O";
				VALIDATE_PRODUCT = YES;
			};
			name = Release;
		};
		C4FC37BD2677BC9F00BC0F5B /* Debug */ = {
			isa = XCBuildConfiguration;
			buildSettings = {
				ASSETCATALOG_COMPILER_APPICON_NAME = AppIcon;
				ASSETCATALOG_COMPILER_GLOBAL_ACCENT_COLOR_NAME = AccentColor;
				CODE_SIGN_STYLE = Automatic;
				DEVELOPMENT_ASSET_PATHS = "\"Habitrack/Preview Content\"";
				DEVELOPMENT_TEAM = J4JD84FNLS;
				ENABLE_PREVIEWS = YES;
				INFOPLIST_FILE = Habitrack/Info.plist;
				IPHONEOS_DEPLOYMENT_TARGET = 14.0;
				LD_RUNPATH_SEARCH_PATHS = (
					"$(inherited)",
					"@executable_path/Frameworks",
				);
				PRODUCT_BUNDLE_IDENTIFIER = com.nickrice.Habitrack;
				PRODUCT_NAME = "$(TARGET_NAME)";
				SWIFT_VERSION = 5.0;
				TARGETED_DEVICE_FAMILY = "1,2";
			};
			name = Debug;
		};
		C4FC37BE2677BC9F00BC0F5B /* Release */ = {
			isa = XCBuildConfiguration;
			buildSettings = {
				ASSETCATALOG_COMPILER_APPICON_NAME = AppIcon;
				ASSETCATALOG_COMPILER_GLOBAL_ACCENT_COLOR_NAME = AccentColor;
				CODE_SIGN_STYLE = Automatic;
				DEVELOPMENT_ASSET_PATHS = "\"Habitrack/Preview Content\"";
				DEVELOPMENT_TEAM = J4JD84FNLS;
				ENABLE_PREVIEWS = YES;
				INFOPLIST_FILE = Habitrack/Info.plist;
				IPHONEOS_DEPLOYMENT_TARGET = 14.0;
				LD_RUNPATH_SEARCH_PATHS = (
					"$(inherited)",
					"@executable_path/Frameworks",
				);
				PRODUCT_BUNDLE_IDENTIFIER = com.nickrice.Habitrack;
				PRODUCT_NAME = "$(TARGET_NAME)";
				SWIFT_VERSION = 5.0;
				TARGETED_DEVICE_FAMILY = "1,2";
			};
			name = Release;
		};
/* End XCBuildConfiguration section */

/* Begin XCConfigurationList section */
		C4FC37A82677BC9E00BC0F5B /* Build configuration list for PBXProject "Habitrack" */ = {
			isa = XCConfigurationList;
			buildConfigurations = (
				C4FC37BA2677BC9F00BC0F5B /* Debug */,
				C4FC37BB2677BC9F00BC0F5B /* Release */,
			);
			defaultConfigurationIsVisible = 0;
			defaultConfigurationName = Release;
		};
		C4FC37BC2677BC9F00BC0F5B /* Build configuration list for PBXNativeTarget "Habitrack" */ = {
			isa = XCConfigurationList;
			buildConfigurations = (
				C4FC37BD2677BC9F00BC0F5B /* Debug */,
				C4FC37BE2677BC9F00BC0F5B /* Release */,
			);
			defaultConfigurationIsVisible = 0;
			defaultConfigurationName = Release;
		};
/* End XCConfigurationList section */
	};
	rootObject = C4FC37A52677BC9E00BC0F5B /* Project object */;
}
